
Microsoft Visual Studio Solution File, Format Version 12.00
# Visual Studio Version 17
VisualStudioVersion = 17.14.36327.8
MinimumVisualStudioVersion = 10.0.40219.1
Project("{FAE04EC0-301F-11D3-BF4B-00C04F79EFBC}") = "ModManager", "ModManager\ModManager.csproj", "{7081777E-DE5F-4E36-B9AD-247CA53DE260}"
EndProject
Project("{FAE04EC0-301F-11D3-BF4B-00C04F79EFBC}") = "ModManager.Tests", "ModManager.Tests\ModManager.Tests.csproj", "{2A117DCB-FFE7-4D88-981C-BA8AB01DE69A}"
EndProject
Global
	GlobalSection(SolutionConfigurationPlatforms) = preSolution
		Debug|Any CPU = Debug|Any CPU
		Debug|x64 = Debug|x64
		Debug|x86 = Debug|x86
		Release|Any CPU = Release|Any CPU
		Release|x64 = Release|x64
		Release|x86 = Release|x86
	EndGlobalSection
	GlobalSection(ProjectConfigurationPlatforms) = postSolution
		{7081777E-DE5F-4E36-B9AD-247CA53DE260}.Debug|Any CPU.ActiveCfg = Debug|Any CPU
		{7081777E-DE5F-4E36-B9AD-247CA53DE260}.Debug|Any CPU.Build.0 = Debug|Any CPU
		{7081777E-DE5F-4E36-B9AD-247CA53DE260}.Debug|x64.ActiveCfg = Debug|Any CPU
		{7081777E-DE5F-4E36-B9AD-247CA53DE260}.Debug|x64.Build.0 = Debug|Any CPU
		{7081777E-DE5F-4E36-B9AD-247CA53DE260}.Debug|x86.ActiveCfg = Debug|Any CPU
		{7081777E-DE5F-4E36-B9AD-247CA53DE260}.Debug|x86.Build.0 = Debug|Any CPU
		{7081777E-DE5F-4E36-B9AD-247CA53DE260}.Release|Any CPU.ActiveCfg = Release|Any CPU
		{7081777E-DE5F-4E36-B9AD-247CA53DE260}.Release|Any CPU.Build.0 = Release|Any CPU
		{7081777E-DE5F-4E36-B9AD-247CA53DE260}.Release|x64.ActiveCfg = Release|Any CPU
		{7081777E-DE5F-4E36-B9AD-247CA53DE260}.Release|x64.Build.0 = Release|Any CPU
		{7081777E-DE5F-4E36-B9AD-247CA53DE260}.Release|x86.ActiveCfg = Release|Any CPU
		{7081777E-DE5F-4E36-B9AD-247CA53DE260}.Release|x86.Build.0 = Release|Any CPU
		{2A117DCB-FFE7-4D88-981C-BA8AB01DE69A}.Debug|Any CPU.ActiveCfg = Debug|Any CPU
		{2A117DCB-FFE7-4D88-981C-BA8AB01DE69A}.Debug|Any CPU.Build.0 = Debug|Any CPU
		{2A117DCB-FFE7-4D88-981C-BA8AB01DE69A}.Debug|x64.ActiveCfg = Debug|Any CPU
		{2A117DCB-FFE7-4D88-981C-BA8AB01DE69A}.Debug|x64.Build.0 = Debug|Any CPU
		{2A117DCB-FFE7-4D88-981C-BA8AB01DE69A}.Debug|x86.ActiveCfg = Debug|Any CPU
		{2A117DCB-FFE7-4D88-981C-BA8AB01DE69A}.Debug|x86.Build.0 = Debug|Any CPU
		{2A117DCB-FFE7-4D88-981C-BA8AB01DE69A}.Release|Any CPU.ActiveCfg = Release|Any CPU
		{2A117DCB-FFE7-4D88-981C-BA8AB01DE69A}.Release|Any CPU.Build.0 = Release|Any CPU
		{2A117DCB-FFE7-4D88-981C-BA8AB01DE69A}.Release|x64.ActiveCfg = Release|Any CPU
		{2A117DCB-FFE7-4D88-981C-BA8AB01DE69A}.Release|x64.Build.0 = Release|Any CPU
		{2A117DCB-FFE7-4D88-981C-BA8AB01DE69A}.Release|x86.ActiveCfg = Release|Any CPU
		{2A117DCB-FFE7-4D88-981C-BA8AB01DE69A}.Release|x86.Build.0 = Release|Any CPU
	EndGlobalSection
	GlobalSection(SolutionProperties) = preSolution
		HideSolutionNode = FALSE
	EndGlobalSection
	GlobalSection(ExtensibilityGlobals) = postSolution
		SolutionGuid = {4F3BAA3C-CD97-40CE-8513-A39A811BC02B}
	EndGlobalSection
EndGlobal
